{
  "name": "node_1",
  "version": "1.0.0",
  "lockfileVersion": 3,
  "requires": true,
  "packages": {
    "": {
      "name": "node_1",
      "version": "1.0.0",
      "license": "ISC",
      "dependencies": {
        "rpn-levan": "^1.0.1"
      }
    },
    "node_modules/rpn-levan": {
      "version": "1.0.1",
      "resolved": "https://registry.npmjs.org/rpn-levan/-/rpn-levan-1.0.1.tgz",
      "integrity": "sha512-eHs1ZOPIu+B0YaKtE5pMsEc1BB8FfSHh/BO9czKKWZ+qtZTOD/nha/ZMvC6ay2jpaabShJlFNlbuq966c+vAaQ==",
      "license": "ISC"
    }
  }
}
